// !$*UTF8*$!
{
	archiveVersion = 1;
	classes = {
	};
	objectVersion = 50;
	objects = {

/* Begin PBXBuildFile section */
		EFFEE4F0245153070057C0C0 /* main.cpp in Sources */ = {isa = PBXBuildFile; fileRef = EFFEE4EF245153070057C0C0 /* main.cpp */; };
		EFFEE4FA2451552D0057C0C0 /* input_file.in in CopyFiles */ = {isa = PBXBuildFile; fileRef = EFFEE4F82451542E0057C0C0 /* input_file.in */; };
/* End PBXBuildFile section */

/* Begin PBXCopyFilesBuildPhase section */
		EFFEE4EA245153070057C0C0 /* CopyFiles */ = {
			isa = PBXCopyFilesBuildPhase;
			buildActionMask = 2147483647;
			dstPath = /usr/share/man/man1/;
			dstSubfolderSpec = 0;
			files = (
			);
			runOnlyForDeploymentPostprocessing = 1;
		};
		EFFEE4F92451551F0057C0C0 /* CopyFiles */ = {
			isa = PBXCopyFilesBuildPhase;
			buildActionMask = 2147483647;
			dstPath = "";
			dstSubfolderSpec = 16;
			files = (
				EFFEE4FA2451552D0057C0C0 /* input_file.in in CopyFiles */,
			);
			runOnlyForDeploymentPostprocessing = 0;
		};
/* End PBXCopyFilesBuildPhase section */

/* Begin PBXFileReference section */
		EFFEE4EC245153070057C0C0 /* ex01_BookstoreRecord */ = {isa = PBXFileReference; explicitFileType = "compiled.mach-o.executable"; includeInIndex = 0; path = ex01_BookstoreRecord; sourceTree = BUILT_PRODUCTS_DIR; };
		EFFEE4EF245153070057C0C0 /* main.cpp */ = {isa = PBXFileReference; lastKnownFileType = sourcecode.cpp.cpp; path = main.cpp; sourceTree = "<group>"; };
		EFFEE4F6245153430057C0C0 /* Sales_item.h */ = {isa = PBXFileReference; lastKnownFileType = sourcecode.c.h; path = Sales_item.h; sourceTree = "<group>"; };
		EFFEE4F7245153700057C0C0 /* Version_test.h */ = {isa = PBXFileReference; lastKnownFileType = sourcecode.c.h; path = Version_test.h; sourceTree = "<group>"; };
		EFFEE4F82451542E0057C0C0 /* input_file.in */ = {isa = PBXFileReference; lastKnownFileType = text; path = input_file.in; sourceTree = "<group>"; };
/* End PBXFileReference section */

/* Begin PBXFrameworksBuildPhase section */
		EFFEE4E9245153070057C0C0 /* Frameworks */ = {
			isa = PBXFrameworksBuildPhase;
			buildActionMask = 2147483647;
			files = (
			);
			runOnlyForDeploymentPostprocessing = 0;
		};
/* End PBXFrameworksBuildPhase section */

/* Begin PBXGroup section */
		EFFEE4E3245153070057C0C0 = {
			isa = PBXGroup;
			children = (
				EFFEE4EE245153070057C0C0 /* ex01_BookstoreRecord */,
				EFFEE4ED245153070057C0C0 /* Products */,
			);
			sourceTree = "<group>";
		};
		EFFEE4ED245153070057C0C0 /* Products */ = {
			isa = PBXGroup;
			children = (
				EFFEE4EC245153070057C0C0 /* ex01_BookstoreRecord */,
			);
			name = Products;
			sourceTree = "<group>";
		};
		EFFEE4EE245153070057C0C0 /* ex01_BookstoreRecord */ = {
			isa = PBXGroup;
			children = (
				EFFEE4EF245153070057C0C0 /* main.cpp */,
				EFFEE4F6245153430057C0C0 /* Sales_item.h */,
				EFFEE4F7245153700057C0C0 /* Version_test.h */,
				EFFEE4F82451542E0057C0C0 /* input_file.in */,
			);
			path = ex01_BookstoreRecord;
			sourceTree = "<group>";
		};
/* End PBXGroup section */

/* Begin PBXNativeTarget section */
		EFFEE4EB245153070057C0C0 /* ex01_BookstoreRecord */ = {
			isa = PBXNativeTarget;
			buildConfigurationList = EFFEE4F3245153070057C0C0 /* Build configuration list for PBXNativeTarget "ex01_BookstoreRecord" */;
			buildPhases = (
				EFFEE4E8245153070057C0C0 /* Sources */,
				EFFEE4E9245153070057C0C0 /* Frameworks */,
				EFFEE4EA245153070057C0C0 /* CopyFiles */,
				EFFEE4F92451551F0057C0C0 /* CopyFiles */,
			);
			buildRules = (
			);
			dependencies = (
			);
			name = ex01_BookstoreRecord;
			productName = ex01_BookstoreRecord;
			productReference = EFFEE4EC245153070057C0C0 /* ex01_BookstoreRecord */;
			productType = "com.apple.product-type.tool";
		};
/* End PBXNativeTarget section */

/* Begin PBXProject section */
		EFFEE4E4245153070057C0C0 /* Project object */ = {
			isa = PBXProject;
			attributes = {
				LastUpgradeCheck = 1140;
				ORGANIZATIONNAME = "Chun-Jen Hsueh";
				TargetAttributes = {
					EFFEE4EB245153070057C0C0 = {
						CreatedOnToolsVersion = 11.4.1;
					};
				};
			};
			buildConfigurationList = EFFEE4E7245153070057C0C0 /* Build configuration list for PBXProject "ex01_BookstoreRecord" */;
			compatibilityVersion = "Xcode 9.3";
			developmentRegion = en;
			hasScannedForEncodings = 0;
			knownRegions = (
				en,
				Base,
			);
			mainGroup = EFFEE4E3245153070057C0C0;
			productRefGroup = EFFEE4ED245153070057C0C0 /* Products */;
			projectDirPath = "";
			projectRoot = "";
			targets = (
				EFFEE4EB245153070057C0C0 /* ex01_BookstoreRecord */,
			);
		};
/* End PBXProject section */

/* Begin PBXSourcesBuildPhase section */
		EFFEE4E8245153070057C0C0 /* Sources */ = {
			isa = PBXSourcesBuildPhase;
			buildActionMask = 2147483647;
			files = (
				EFFEE4F0245153070057C0C0 /* main.cpp in Sources */,
			);
			runOnlyForDeploymentPostprocessing = 0;
		};
/* End PBXSourcesBuildPhase section */

/* Begin XCBuildConfiguration section */
		EFFEE4F1245153070057C0C0 /* Debug */ = {
			isa = XCBuildConfiguration;
			buildSettings = {
				ALWAYS_SEARCH_USER_PATHS = NO;
				CLANG_ANALYZER_NONNULL = YES;
				CLANG_ANALYZER_NUMBER_OBJECT_CONVERSION = YES_AGGRESSIVE;
				CLANG_CXX_LANGUAGE_STANDARD = "gnu++14";
				CLANG_CXX_LIBRARY = "libc++";
				CLANG_ENABLE_MODULES = YES;
				CLANG_ENABLE_OBJC_ARC = YES;
				CLANG_ENABLE_OBJC_WEAK = YES;
				CLANG_WARN_BLOCK_CAPTURE_AUTORELEASING = YES;
				CLANG_WARN_BOOL_CONVERSION = YES;
				CLANG_WARN_COMMA = YES;
				CLANG_WARN_CONSTANT_CONVERSION = YES;
				CLANG_WARN_DEPRECATED_OBJC_IMPLEMENTATIONS = YES;
				CLANG_WARN_DIRECT_OBJC_ISA_USAGE = YES_ERROR;
				CLANG_WARN_DOCUMENTATION_COMMENTS = YES;
				CLANG_WARN_EMPTY_BODY = YES;
				CLANG_WARN_ENUM_CONVERSION = YES;
				CLANG_WARN_INFINITE_RECURSION = YES;
				CLANG_WARN_INT_CONVERSION = YES;
				CLANG_WARN_NON_LITERAL_NULL_CONVERSION = YES;
				CLANG_WARN_OBJC_IMPLICIT_RETAIN_SELF = YES;
				CLANG_WARN_OBJC_LITERAL_CONVERSION = YES;
				CLANG_WARN_OBJC_ROOT_CLASS = YES_ERROR;
				CLANG_WARN_RANGE_LOOP_ANALYSIS = YES;
				CLANG_WARN_STRICT_PROTOTYPES = YES;
				CLANG_WARN_SUSPICIOUS_MOVE = YES;
				CLANG_WARN_UNGUARDED_AVAILABILITY = YES_AGGRESSIVE;
				CLANG_WARN_UNREACHABLE_CODE = YES;
				CLANG_WARN__DUPLICATE_METHOD_MATCH = YES;
				COPY_PHASE_STRIP = NO;
				DEBUG_INFORMATION_FORMAT = dwarf;
				ENABLE_STRICT_OBJC_MSGSEND = YES;
				ENABLE_TESTABILITY = YES;
				GCC_C_LANGUAGE_STANDARD = gnu11;
				GCC_DYNAMIC_NO_PIC = NO;
				GCC_NO_COMMON_BLOCKS = YES;
				GCC_OPTIMIZATION_LEVEL = 0;
				GCC_PREPROCESSOR_DEFINITIONS = (
					"DEBUG=1",
					"$(inherited)",
				);
				GCC_WARN_64_TO_32_BIT_CONVERSION = YES;
				GCC_WARN_ABOUT_RETURN_TYPE = YES_ERROR;
				GCC_WARN_UNDECLARED_SELECTOR = YES;
				GCC_WARN_UNINITIALIZED_AUTOS = YES_AGGRESSIVE;
				GCC_WARN_UNUSED_FUNCTION = YES;
				GCC_WARN_UNUSED_VARIABLE = YES;
				MACOSX_DEPLOYMENT_TARGET = 10.15;
				MTL_ENABLE_DEBUG_INFO = INCLUDE_SOURCE;
				MTL_FAST_MATH = YES;
				ONLY_ACTIVE_ARCH = YES;
				SDKROOT = macosx;
			};
			name = Debug;
		};
		EFFEE4F2245153070057C0C0 /* Release */ = {
			isa = XCBuildConfiguration;
			buildSettings = {
				ALWAYS_SEARCH_USER_PATHS = NO;
				CLANG_ANALYZER_NONNULL = YES;
				CLANG_ANALYZER_NUMBER_OBJECT_CONVERSION = YES_AGGRESSIVE;
				CLANG_CXX_LANGUAGE_STANDARD = "gnu++14";
				CLANG_CXX_LIBRARY = "libc++";
				CLANG_ENABLE_MODULES = YES;
				CLANG_ENABLE_OBJC_ARC = YES;
				CLANG_ENABLE_OBJC_WEAK = YES;
				CLANG_WARN_BLOCK_CAPTURE_AUTORELEASING = YES;
				CLANG_WARN_BOOL_CONVERSION = YES;
				CLANG_WARN_COMMA = YES;
				CLANG_WARN_CONSTANT_CONVERSION = YES;
				CLANG_WARN_DEPRECATED_OBJC_IMPLEMENTATIONS = YES;
				CLANG_WARN_DIRECT_OBJC_ISA_USAGE = YES_ERROR;
				CLANG_WARN_DOCUMENTATION_COMMENTS = YES;
				CLANG_WARN_EMPTY_BODY = YES;
				CLANG_WARN_ENUM_CONVERSION = YES;
				CLANG_WARN_INFINITE_RECURSION = YES;
				CLANG_WARN_INT_CONVERSION = YES;
				CLANG_WARN_NON_LITERAL_NULL_CONVERSION = YES;
				CLANG_WARN_OBJC_IMPLICIT_RETAIN_SELF = YES;
				CLANG_WARN_OBJC_LITERAL_CONVERSION = YES;
				CLANG_WARN_OBJC_ROOT_CLASS = YES_ERROR;
				CLANG_WARN_RANGE_LOOP_ANALYSIS = YES;
				CLANG_WARN_STRICT_PROTOTYPES = YES;
				CLANG_WARN_SUSPICIOUS_MOVE = YES;
				CLANG_WARN_UNGUARDED_AVAILABILITY = YES_AGGRESSIVE;
				CLANG_WARN_UNREACHABLE_CODE = YES;
				CLANG_WARN__DUPLICATE_METHOD_MATCH = YES;
				COPY_PHASE_STRIP = NO;
				DEBUG_INFORMATION_FORMAT = "dwarf-with-dsym";
				ENABLE_NS_ASSERTIONS = NO;
				ENABLE_STRICT_OBJC_MSGSEND = YES;
				GCC_C_LANGUAGE_STANDARD = gnu11;
				GCC_NO_COMMON_BLOCKS = YES;
				GCC_WARN_64_TO_32_BIT_CONVERSION = YES;
				GCC_WARN_ABOUT_RETURN_TYPE = YES_ERROR;
				GCC_WARN_UNDECLARED_SELECTOR = YES;
				GCC_WARN_UNINITIALIZED_AUTOS = YES_AGGRESSIVE;
				GCC_WARN_UNUSED_FUNCTION = YES;
				GCC_WARN_UNUSED_VARIABLE = YES;
				MACOSX_DEPLOYMENT_TARGET = 10.15;
				MTL_ENABLE_DEBUG_INFO = NO;
				MTL_FAST_MATH = YES;
				SDKROOT = macosx;
			};
			name = Release;
		};
		EFFEE4F4245153070057C0C0 /* Debug */ = {
			isa = XCBuildConfiguration;
			buildSettings = {
				CODE_SIGN_STYLE = Automatic;
				PRODUCT_NAME = "$(TARGET_NAME)";
			};
			name = Debug;
		};
		EFFEE4F5245153070057C0C0 /* Release */ = {
			isa = XCBuildConfiguration;
			buildSettings = {
				CODE_SIGN_STYLE = Automatic;
				PRODUCT_NAME = "$(TARGET_NAME)";
			};
			name = Release;
		};
/* End XCBuildConfiguration section */

/* Begin XCConfigurationList section */
		EFFEE4E7245153070057C0C0 /* Build configuration list for PBXProject "ex01_BookstoreRecord" */ = {
			isa = XCConfigurationList;
			buildConfigurations = (
				EFFEE4F1245153070057C0C0 /* Debug */,
				EFFEE4F2245153070057C0C0 /* Release */,
			);
			defaultConfigurationIsVisible = 0;
			defaultConfigurationName = Release;
		};
		EFFEE4F3245153070057C0C0 /* Build configuration list for PBXNativeTarget "ex01_BookstoreRecord" */ = {
			isa = XCConfigurationList;
			buildConfigurations = (
				EFFEE4F4245153070057C0C0 /* Debug */,
				EFFEE4F5245153070057C0C0 /* Release */,
			);
			defaultConfigurationIsVisible = 0;
			defaultConfigurationName = Release;
		};
/* End XCConfigurationList section */
	};
	rootObject = EFFEE4E4245153070057C0C0 /* Project object */;
}
